// !$*UTF8*$!
{
	archiveVersion = 1;
	classes = {
	};
	objectVersion = 55;
	objects = {

/* Begin PBXBuildFile section */
		5A6B51F8654403831AD18518 /* Pods_midTermProject___shio_andghuladze_.framework in Frameworks */ = {isa = PBXBuildFile; fileRef = BBF5F6C06DC4DF32E7990D3B /* Pods_midTermProject___shio_andghuladze_.framework */; };
		9528B206288F08F20054F618 /* AppDelegate.swift in Sources */ = {isa = PBXBuildFile; fileRef = 9528B205288F08F20054F618 /* AppDelegate.swift */; };
		9528B208288F08F20054F618 /* SceneDelegate.swift in Sources */ = {isa = PBXBuildFile; fileRef = 9528B207288F08F20054F618 /* SceneDelegate.swift */; };
		9528B20D288F08F20054F618 /* Main.storyboard in Resources */ = {isa = PBXBuildFile; fileRef = 9528B20B288F08F20054F618 /* Main.storyboard */; };
		9528B20F288F08F30054F618 /* Assets.xcassets in Resources */ = {isa = PBXBuildFile; fileRef = 9528B20E288F08F30054F618 /* Assets.xcassets */; };
		9528B212288F08F30054F618 /* LaunchScreen.storyboard in Resources */ = {isa = PBXBuildFile; fileRef = 9528B210288F08F30054F618 /* LaunchScreen.storyboard */; };
		9528B21D288F09820054F618 /* BottomNavHostController.swift in Sources */ = {isa = PBXBuildFile; fileRef = 9528B21C288F09820054F618 /* BottomNavHostController.swift */; };
		9528B220288F09AA0054F618 /* ActiveUsersController.swift in Sources */ = {isa = PBXBuildFile; fileRef = 9528B21F288F09AA0054F618 /* ActiveUsersController.swift */; };
		9528B223288F09D00054F618 /* MessagesController.swift in Sources */ = {isa = PBXBuildFile; fileRef = 9528B222288F09D00054F618 /* MessagesController.swift */; };
		9558A612289431D60059D293 /* Constants.swift in Sources */ = {isa = PBXBuildFile; fileRef = 9558A611289431D60059D293 /* Constants.swift */; };
		9558A615289432040059D293 /* EnterUserController.swift in Sources */ = {isa = PBXBuildFile; fileRef = 9558A614289432040059D293 /* EnterUserController.swift */; };
		9558A618289436050059D293 /* ViewExtensions.swift in Sources */ = {isa = PBXBuildFile; fileRef = 9558A617289436050059D293 /* ViewExtensions.swift */; };
		9558A61A28943CD00059D293 /* UserNameSavedDelegate.swift in Sources */ = {isa = PBXBuildFile; fileRef = 9558A61928943CD00059D293 /* UserNameSavedDelegate.swift */; };
		9558A61E289444A80059D293 /* GoogleService-Info.plist in Resources */ = {isa = PBXBuildFile; fileRef = 9558A61D289444A80059D293 /* GoogleService-Info.plist */; };
		9558A62128944A850059D293 /* ChatsScreenController.swift in Sources */ = {isa = PBXBuildFile; fileRef = 9558A62028944A850059D293 /* ChatsScreenController.swift */; };
		9558A62A289451090059D293 /* ChatsTableViewCell.swift in Sources */ = {isa = PBXBuildFile; fileRef = 9558A628289451090059D293 /* ChatsTableViewCell.swift */; };
		9558A62B289451090059D293 /* ChatsTableViewCell.xib in Resources */ = {isa = PBXBuildFile; fileRef = 9558A629289451090059D293 /* ChatsTableViewCell.xib */; };
		9558A62D289452E60059D293 /* User.swift in Sources */ = {isa = PBXBuildFile; fileRef = 9558A62C289452E60059D293 /* User.swift */; };
		9558A62F289453420059D293 /* Chat.swift in Sources */ = {isa = PBXBuildFile; fileRef = 9558A62E289453420059D293 /* Chat.swift */; };
		9558A6312894539F0059D293 /* Message.swift in Sources */ = {isa = PBXBuildFile; fileRef = 9558A6302894539F0059D293 /* Message.swift */; };
		9558A63828945B080059D293 /* TableViewAdapter.swift in Sources */ = {isa = PBXBuildFile; fileRef = 9558A63728945B080059D293 /* TableViewAdapter.swift */; };
		9558A63E2894648C0059D293 /* UsersTableViewCell.swift in Sources */ = {isa = PBXBuildFile; fileRef = 9558A63C2894648C0059D293 /* UsersTableViewCell.swift */; };
		9558A63F2894648C0059D293 /* UsersTableViewCell.xib in Resources */ = {isa = PBXBuildFile; fileRef = 9558A63D2894648C0059D293 /* UsersTableViewCell.xib */; };
		9558A6422894656F0059D293 /* TableViewAdapterCell.swift in Sources */ = {isa = PBXBuildFile; fileRef = 9558A6412894656F0059D293 /* TableViewAdapterCell.swift */; };
		955D623D28955A0400EA0720 /* MessageCell.swift in Sources */ = {isa = PBXBuildFile; fileRef = 955D623B28955A0400EA0720 /* MessageCell.swift */; };
		955D623E28955A0400EA0720 /* MessageCell.xib in Resources */ = {isa = PBXBuildFile; fileRef = 955D623C28955A0400EA0720 /* MessageCell.xib */; };
		955D6241289565E700EA0720 /* PaddingLabel.swift in Sources */ = {isa = PBXBuildFile; fileRef = 955D6240289565E700EA0720 /* PaddingLabel.swift */; };
		955D6243289590A300EA0720 /* CollectionExtensions.swift in Sources */ = {isa = PBXBuildFile; fileRef = 955D6242289590A300EA0720 /* CollectionExtensions.swift */; };
		95601B5528A13F22005FA61D /* EnterUserViewModel.swift in Sources */ = {isa = PBXBuildFile; fileRef = 95601B5428A13F21005FA61D /* EnterUserViewModel.swift */; };
		95601B5728A13F48005FA61D /* ChatsRepository.swift in Sources */ = {isa = PBXBuildFile; fileRef = 95601B5628A13F48005FA61D /* ChatsRepository.swift */; };
		95601B5928A13F56005FA61D /* ChatsRepositoryImpl.swift in Sources */ = {isa = PBXBuildFile; fileRef = 95601B5828A13F56005FA61D /* ChatsRepositoryImpl.swift */; };
		95601B5C28A15BA6005FA61D /* LiveData.swift in Sources */ = {isa = PBXBuildFile; fileRef = 95601B5B28A15BA6005FA61D /* LiveData.swift */; };
		95601B5E28A15BC9005FA61D /* Observable.swift in Sources */ = {isa = PBXBuildFile; fileRef = 95601B5D28A15BC9005FA61D /* Observable.swift */; };
		95601B6028A15D80005FA61D /* Observer.swift in Sources */ = {isa = PBXBuildFile; fileRef = 95601B5F28A15D80005FA61D /* Observer.swift */; };
		95601B6328A16276005FA61D /* ChatsControllerViewModel.swift in Sources */ = {isa = PBXBuildFile; fileRef = 95601B6228A16276005FA61D /* ChatsControllerViewModel.swift */; };
		95601B6528A16ADA005FA61D /* MessagesViewModel.swift in Sources */ = {isa = PBXBuildFile; fileRef = 95601B6428A16ADA005FA61D /* MessagesViewModel.swift */; };
/* End PBXBuildFile section */

/* Begin PBXFileReference section */
		36876F99175BFCBF982EF28E /* Pods-midTermProject  (shio andghuladze).release.xcconfig */ = {isa = PBXFileReference; includeInIndex = 1; lastKnownFileType = text.xcconfig; name = "Pods-midTermProject  (shio andghuladze).release.xcconfig"; path = "Target Support Files/Pods-midTermProject  (shio andghuladze)/Pods-midTermProject  (shio andghuladze).release.xcconfig"; sourceTree = "<group>"; };
		9528B202288F08F20054F618 /* midTermProject  (shio andghuladze).app */ = {isa = PBXFileReference; explicitFileType = wrapper.application; includeInIndex = 0; path = "midTermProject  (shio andghuladze).app"; sourceTree = BUILT_PRODUCTS_DIR; };
		9528B205288F08F20054F618 /* AppDelegate.swift */ = {isa = PBXFileReference; lastKnownFileType = sourcecode.swift; path = AppDelegate.swift; sourceTree = "<group>"; };
		9528B207288F08F20054F618 /* SceneDelegate.swift */ = {isa = PBXFileReference; lastKnownFileType = sourcecode.swift; path = SceneDelegate.swift; sourceTree = "<group>"; };
		9528B20C288F08F20054F618 /* Base */ = {isa = PBXFileReference; lastKnownFileType = file.storyboard; name = Base; path = Base.lproj/Main.storyboard; sourceTree = "<group>"; };
		9528B20E288F08F30054F618 /* Assets.xcassets */ = {isa = PBXFileReference; lastKnownFileType = folder.assetcatalog; path = Assets.xcassets; sourceTree = "<group>"; };
		9528B211288F08F30054F618 /* Base */ = {isa = PBXFileReference; lastKnownFileType = file.storyboard; name = Base; path = Base.lproj/LaunchScreen.storyboard; sourceTree = "<group>"; };
		9528B213288F08F30054F618 /* Info.plist */ = {isa = PBXFileReference; lastKnownFileType = text.plist.xml; path = Info.plist; sourceTree = "<group>"; };
		9528B21C288F09820054F618 /* BottomNavHostController.swift */ = {isa = PBXFileReference; lastKnownFileType = sourcecode.swift; path = BottomNavHostController.swift; sourceTree = "<group>"; };
		9528B21F288F09AA0054F618 /* ActiveUsersController.swift */ = {isa = PBXFileReference; lastKnownFileType = sourcecode.swift; path = ActiveUsersController.swift; sourceTree = "<group>"; };
		9528B222288F09D00054F618 /* MessagesController.swift */ = {isa = PBXFileReference; lastKnownFileType = sourcecode.swift; path = MessagesController.swift; sourceTree = "<group>"; };
		9558A611289431D60059D293 /* Constants.swift */ = {isa = PBXFileReference; lastKnownFileType = sourcecode.swift; path = Constants.swift; sourceTree = "<group>"; };
		9558A614289432040059D293 /* EnterUserController.swift */ = {isa = PBXFileReference; lastKnownFileType = sourcecode.swift; path = EnterUserController.swift; sourceTree = "<group>"; };
		9558A617289436050059D293 /* ViewExtensions.swift */ = {isa = PBXFileReference; lastKnownFileType = sourcecode.swift; path = ViewExtensions.swift; sourceTree = "<group>"; };
		9558A61928943CD00059D293 /* UserNameSavedDelegate.swift */ = {isa = PBXFileReference; lastKnownFileType = sourcecode.swift; path = UserNameSavedDelegate.swift; sourceTree = "<group>"; };
		9558A61D289444A80059D293 /* GoogleService-Info.plist */ = {isa = PBXFileReference; fileEncoding = 4; lastKnownFileType = text.plist.xml; path = "GoogleService-Info.plist"; sourceTree = "<group>"; };
		9558A62028944A850059D293 /* ChatsScreenController.swift */ = {isa = PBXFileReference; lastKnownFileType = sourcecode.swift; path = ChatsScreenController.swift; sourceTree = "<group>"; };
		9558A628289451090059D293 /* ChatsTableViewCell.swift */ = {isa = PBXFileReference; lastKnownFileType = sourcecode.swift; path = ChatsTableViewCell.swift; sourceTree = "<group>"; };
		9558A629289451090059D293 /* ChatsTableViewCell.xib */ = {isa = PBXFileReference; lastKnownFileType = file.xib; path = ChatsTableViewCell.xib; sourceTree = "<group>"; };
		9558A62C289452E60059D293 /* User.swift */ = {isa = PBXFileReference; lastKnownFileType = sourcecode.swift; path = User.swift; sourceTree = "<group>"; };
		9558A62E289453420059D293 /* Chat.swift */ = {isa = PBXFileReference; lastKnownFileType = sourcecode.swift; path = Chat.swift; sourceTree = "<group>"; };
		9558A6302894539F0059D293 /* Message.swift */ = {isa = PBXFileReference; lastKnownFileType = sourcecode.swift; path = Message.swift; sourceTree = "<group>"; };
		9558A63728945B080059D293 /* TableViewAdapter.swift */ = {isa = PBXFileReference; lastKnownFileType = sourcecode.swift; path = TableViewAdapter.swift; sourceTree = "<group>"; };
		9558A63C2894648C0059D293 /* UsersTableViewCell.swift */ = {isa = PBXFileReference; lastKnownFileType = sourcecode.swift; path = UsersTableViewCell.swift; sourceTree = "<group>"; };
		9558A63D2894648C0059D293 /* UsersTableViewCell.xib */ = {isa = PBXFileReference; lastKnownFileType = file.xib; path = UsersTableViewCell.xib; sourceTree = "<group>"; };
		9558A6412894656F0059D293 /* TableViewAdapterCell.swift */ = {isa = PBXFileReference; lastKnownFileType = sourcecode.swift; path = TableViewAdapterCell.swift; sourceTree = "<group>"; };
		955D623B28955A0400EA0720 /* MessageCell.swift */ = {isa = PBXFileReference; lastKnownFileType = sourcecode.swift; path = MessageCell.swift; sourceTree = "<group>"; };
		955D623C28955A0400EA0720 /* MessageCell.xib */ = {isa = PBXFileReference; lastKnownFileType = file.xib; path = MessageCell.xib; sourceTree = "<group>"; };
		955D6240289565E700EA0720 /* PaddingLabel.swift */ = {isa = PBXFileReference; lastKnownFileType = sourcecode.swift; path = PaddingLabel.swift; sourceTree = "<group>"; };
		955D6242289590A300EA0720 /* CollectionExtensions.swift */ = {isa = PBXFileReference; lastKnownFileType = sourcecode.swift; path = CollectionExtensions.swift; sourceTree = "<group>"; };
		95601B5428A13F21005FA61D /* EnterUserViewModel.swift */ = {isa = PBXFileReference; lastKnownFileType = sourcecode.swift; path = EnterUserViewModel.swift; sourceTree = "<group>"; };
		95601B5628A13F48005FA61D /* ChatsRepository.swift */ = {isa = PBXFileReference; lastKnownFileType = sourcecode.swift; path = ChatsRepository.swift; sourceTree = "<group>"; };
		95601B5828A13F56005FA61D /* ChatsRepositoryImpl.swift */ = {isa = PBXFileReference; lastKnownFileType = sourcecode.swift; path = ChatsRepositoryImpl.swift; sourceTree = "<group>"; };
		95601B5B28A15BA6005FA61D /* LiveData.swift */ = {isa = PBXFileReference; lastKnownFileType = sourcecode.swift; path = LiveData.swift; sourceTree = "<group>"; };
		95601B5D28A15BC9005FA61D /* Observable.swift */ = {isa = PBXFileReference; lastKnownFileType = sourcecode.swift; path = Observable.swift; sourceTree = "<group>"; };
		95601B5F28A15D80005FA61D /* Observer.swift */ = {isa = PBXFileReference; lastKnownFileType = sourcecode.swift; path = Observer.swift; sourceTree = "<group>"; };
		95601B6228A16276005FA61D /* ChatsControllerViewModel.swift */ = {isa = PBXFileReference; lastKnownFileType = sourcecode.swift; path = ChatsControllerViewModel.swift; sourceTree = "<group>"; };
		95601B6428A16ADA005FA61D /* MessagesViewModel.swift */ = {isa = PBXFileReference; lastKnownFileType = sourcecode.swift; path = MessagesViewModel.swift; sourceTree = "<group>"; };
		BBF5F6C06DC4DF32E7990D3B /* Pods_midTermProject___shio_andghuladze_.framework */ = {isa = PBXFileReference; explicitFileType = wrapper.framework; includeInIndex = 0; path = "Pods_midTermProject___shio_andghuladze_.framework"; sourceTree = BUILT_PRODUCTS_DIR; };
		F1896CDA0C26B039A9895B25 /* Pods-midTermProject  (shio andghuladze).debug.xcconfig */ = {isa = PBXFileReference; includeInIndex = 1; lastKnownFileType = text.xcconfig; name = "Pods-midTermProject  (shio andghuladze).debug.xcconfig"; path = "Target Support Files/Pods-midTermProject  (shio andghuladze)/Pods-midTermProject  (shio andghuladze).debug.xcconfig"; sourceTree = "<group>"; };
/* End PBXFileReference section */

/* Begin PBXFrameworksBuildPhase section */
		9528B1FF288F08F20054F618 /* Frameworks */ = {
			isa = PBXFrameworksBuildPhase;
			buildActionMask = 2147483647;
			files = (
				5A6B51F8654403831AD18518 /* Pods_midTermProject___shio_andghuladze_.framework in Frameworks */,
			);
			runOnlyForDeploymentPostprocessing = 0;
		};
/* End PBXFrameworksBuildPhase section */

/* Begin PBXGroup section */
		9528B1F9288F08F20054F618 = {
			isa = PBXGroup;
			children = (
				9528B204288F08F20054F618 /* midTermProject  (shio andghuladze) */,
				9528B203288F08F20054F618 /* Products */,
				ED16D4CE8AF1EC9CC554EF51 /* Pods */,
				B2DE8EF23608A1F13D4DC17C /* Frameworks */,
			);
			sourceTree = "<group>";
		};
		9528B203288F08F20054F618 /* Products */ = {
			isa = PBXGroup;
			children = (
				9528B202288F08F20054F618 /* midTermProject  (shio andghuladze).app */,
			);
			name = Products;
			sourceTree = "<group>";
		};
		9528B204288F08F20054F618 /* midTermProject  (shio andghuladze) */ = {
			isa = PBXGroup;
			children = (
				95601B4C28A13CB5005FA61D /* data */,
				9558A63528945AEB0059D293 /* utill */,
				9558A61D289444A80059D293 /* GoogleService-Info.plist */,
				9558A616289435F00059D293 /* extensions */,
				9528B21A288F09300054F618 /* model */,
				9528B219288F09260054F618 /* controller */,
				9528B205288F08F20054F618 /* AppDelegate.swift */,
				9528B207288F08F20054F618 /* SceneDelegate.swift */,
				9528B20B288F08F20054F618 /* Main.storyboard */,
				9528B20E288F08F30054F618 /* Assets.xcassets */,
				9528B210288F08F30054F618 /* LaunchScreen.storyboard */,
				9528B213288F08F30054F618 /* Info.plist */,
			);
			path = "midTermProject  (shio andghuladze)";
			sourceTree = "<group>";
		};
		9528B219288F09260054F618 /* controller */ = {
			isa = PBXGroup;
			children = (
				9558A61F28944A690059D293 /* chats_screen */,
				9558A613289431DC0059D293 /* enter_user_screen */,
				9528B221288F09AF0054F618 /* messages_screen */,
				9528B21E288F098A0054F618 /* active_users_screen */,
				9528B21B288F09590054F618 /* bottom_nav_controller */,
			);
			path = controller;
			sourceTree = "<group>";
		};
		9528B21A288F09300054F618 /* model */ = {
			isa = PBXGroup;
			children = (
				9558A611289431D60059D293 /* Constants.swift */,
				9558A62C289452E60059D293 /* User.swift */,
				9558A62E289453420059D293 /* Chat.swift */,
				9558A6302894539F0059D293 /* Message.swift */,
			);
			path = model;
			sourceTree = "<group>";
		};
		9528B21B288F09590054F618 /* bottom_nav_controller */ = {
			isa = PBXGroup;
			children = (
				9528B21C288F09820054F618 /* BottomNavHostController.swift */,
			);
			path = bottom_nav_controller;
			sourceTree = "<group>";
		};
		9528B21E288F098A0054F618 /* active_users_screen */ = {
			isa = PBXGroup;
			children = (
				9558A63A289464350059D293 /* cell */,
				9528B21F288F09AA0054F618 /* ActiveUsersController.swift */,
			);
			path = active_users_screen;
			sourceTree = "<group>";
		};
		9528B221288F09AF0054F618 /* messages_screen */ = {
			isa = PBXGroup;
			children = (
				955D6236289547AB00EA0720 /* cell */,
				9528B222288F09D00054F618 /* MessagesController.swift */,
				95601B6428A16ADA005FA61D /* MessagesViewModel.swift */,
			);
			path = messages_screen;
			sourceTree = "<group>";
		};
		9558A613289431DC0059D293 /* enter_user_screen */ = {
			isa = PBXGroup;
			children = (
				95601B5428A13F21005FA61D /* EnterUserViewModel.swift */,
				95601B5228A13EEE005FA61D /* delegate */,
				9558A614289432040059D293 /* EnterUserController.swift */,
			);
			path = enter_user_screen;
			sourceTree = "<group>";
		};
		9558A616289435F00059D293 /* extensions */ = {
			isa = PBXGroup;
			children = (
				9558A617289436050059D293 /* ViewExtensions.swift */,
				955D6242289590A300EA0720 /* CollectionExtensions.swift */,
			);
			path = extensions;
			sourceTree = "<group>";
		};
		9558A61F28944A690059D293 /* chats_screen */ = {
			isa = PBXGroup;
			children = (
				9558A623289450600059D293 /* cell */,
				9558A62028944A850059D293 /* ChatsScreenController.swift */,
				95601B6228A16276005FA61D /* ChatsControllerViewModel.swift */,
			);
			path = chats_screen;
			sourceTree = "<group>";
		};
		9558A623289450600059D293 /* cell */ = {
			isa = PBXGroup;
			children = (
				9558A628289451090059D293 /* ChatsTableViewCell.swift */,
				9558A629289451090059D293 /* ChatsTableViewCell.xib */,
			);
			path = cell;
			sourceTree = "<group>";
		};
		9558A63528945AEB0059D293 /* utill */ = {
			isa = PBXGroup;
			children = (
				95601B5A28A15B96005FA61D /* live_data */,
				955D623F289565D200EA0720 /* view */,
				9558A640289465440059D293 /* table_view */,
			);
			path = utill;
			sourceTree = "<group>";
		};
		9558A63A289464350059D293 /* cell */ = {
			isa = PBXGroup;
			children = (
				9558A63C2894648C0059D293 /* UsersTableViewCell.swift */,
				9558A63D2894648C0059D293 /* UsersTableViewCell.xib */,
			);
			path = cell;
			sourceTree = "<group>";
		};
		9558A640289465440059D293 /* table_view */ = {
			isa = PBXGroup;
			children = (
				9558A63728945B080059D293 /* TableViewAdapter.swift */,
				9558A6412894656F0059D293 /* TableViewAdapterCell.swift */,
			);
			path = table_view;
			sourceTree = "<group>";
		};
		955D6236289547AB00EA0720 /* cell */ = {
			isa = PBXGroup;
			children = (
				955D623B28955A0400EA0720 /* MessageCell.swift */,
				955D623C28955A0400EA0720 /* MessageCell.xib */,
			);
			path = cell;
			sourceTree = "<group>";
		};
		955D623F289565D200EA0720 /* view */ = {
			isa = PBXGroup;
			children = (
				955D6240289565E700EA0720 /* PaddingLabel.swift */,
			);
			path = view;
			sourceTree = "<group>";
		};
		95601B4C28A13CB5005FA61D /* data */ = {
			isa = PBXGroup;
			children = (
				95601B4D28A13CC9005FA61D /* repository */,
			);
			path = data;
			sourceTree = "<group>";
		};
		95601B4D28A13CC9005FA61D /* repository */ = {
			isa = PBXGroup;
			children = (
				95601B5128A13D14005FA61D /* chats_repository */,
				95601B5028A13CFF005FA61D /* users_repository */,
			);
			path = repository;
			sourceTree = "<group>";
		};
		95601B5028A13CFF005FA61D /* users_repository */ = {
			isa = PBXGroup;
			children = (
			);
			path = users_repository;
			sourceTree = "<group>";
		};
		95601B5128A13D14005FA61D /* chats_repository */ = {
			isa = PBXGroup;
			children = (
				95601B5628A13F48005FA61D /* ChatsRepository.swift */,
				95601B5828A13F56005FA61D /* ChatsRepositoryImpl.swift */,
			);
			path = chats_repository;
			sourceTree = "<group>";
		};
		95601B5228A13EEE005FA61D /* delegate */ = {
			isa = PBXGroup;
			children = (
				9558A61928943CD00059D293 /* UserNameSavedDelegate.swift */,
			);
			path = delegate;
			sourceTree = "<group>";
		};
		95601B5A28A15B96005FA61D /* live_data */ = {
			isa = PBXGroup;
			children = (
				95601B5B28A15BA6005FA61D /* LiveData.swift */,
				95601B5D28A15BC9005FA61D /* Observable.swift */,
				95601B5F28A15D80005FA61D /* Observer.swift */,
			);
			path = live_data;
			sourceTree = "<group>";
		};
		B2DE8EF23608A1F13D4DC17C /* Frameworks */ = {
			isa = PBXGroup;
			children = (
				BBF5F6C06DC4DF32E7990D3B /* Pods_midTermProject___shio_andghuladze_.framework */,
			);
			name = Frameworks;
			sourceTree = "<group>";
		};
		ED16D4CE8AF1EC9CC554EF51 /* Pods */ = {
			isa = PBXGroup;
			children = (
				F1896CDA0C26B039A9895B25 /* Pods-midTermProject  (shio andghuladze).debug.xcconfig */,
				36876F99175BFCBF982EF28E /* Pods-midTermProject  (shio andghuladze).release.xcconfig */,
			);
			path = Pods;
			sourceTree = "<group>";
		};
/* End PBXGroup section */

/* Begin PBXNativeTarget section */
		9528B201288F08F20054F618 /* midTermProject  (shio andghuladze) */ = {
			isa = PBXNativeTarget;
			buildConfigurationList = 9528B216288F08F30054F618 /* Build configuration list for PBXNativeTarget "midTermProject  (shio andghuladze)" */;
			buildPhases = (
				C6533D09AA27675039AFAF03 /* [CP] Check Pods Manifest.lock */,
				9528B1FE288F08F20054F618 /* Sources */,
				9528B1FF288F08F20054F618 /* Frameworks */,
				9528B200288F08F20054F618 /* Resources */,
				54E9C195ADE1D0BA4B941C30 /* [CP] Embed Pods Frameworks */,
			);
			buildRules = (
			);
			dependencies = (
			);
			name = "midTermProject  (shio andghuladze)";
			productName = "midTermProject  (shio andghuladze)";
			productReference = 9528B202288F08F20054F618 /* midTermProject  (shio andghuladze).app */;
			productType = "com.apple.product-type.application";
		};
/* End PBXNativeTarget section */

/* Begin PBXProject section */
		9528B1FA288F08F20054F618 /* Project object */ = {
			isa = PBXProject;
			attributes = {
				BuildIndependentTargetsInParallel = 1;
				LastSwiftUpdateCheck = 1340;
				LastUpgradeCheck = 1340;
				TargetAttributes = {
					9528B201288F08F20054F618 = {
						CreatedOnToolsVersion = 13.4;
					};
				};
			};
			buildConfigurationList = 9528B1FD288F08F20054F618 /* Build configuration list for PBXProject "midTermProject  (shio andghuladze)" */;
			compatibilityVersion = "Xcode 13.0";
			developmentRegion = en;
			hasScannedForEncodings = 0;
			knownRegions = (
				en,
				Base,
			);
			mainGroup = 9528B1F9288F08F20054F618;
			productRefGroup = 9528B203288F08F20054F618 /* Products */;
			projectDirPath = "";
			projectRoot = "";
			targets = (
				9528B201288F08F20054F618 /* midTermProject  (shio andghuladze) */,
			);
		};
/* End PBXProject section */

/* Begin PBXResourcesBuildPhase section */
		9528B200288F08F20054F618 /* Resources */ = {
			isa = PBXResourcesBuildPhase;
			buildActionMask = 2147483647;
			files = (
				9558A62B289451090059D293 /* ChatsTableViewCell.xib in Resources */,
				9528B212288F08F30054F618 /* LaunchScreen.storyboard in Resources */,
				9558A63F2894648C0059D293 /* UsersTableViewCell.xib in Resources */,
				9558A61E289444A80059D293 /* GoogleService-Info.plist in Resources */,
				9528B20F288F08F30054F618 /* Assets.xcassets in Resources */,
				955D623E28955A0400EA0720 /* MessageCell.xib in Resources */,
				9528B20D288F08F20054F618 /* Main.storyboard in Resources */,
			);
			runOnlyForDeploymentPostprocessing = 0;
		};
/* End PBXResourcesBuildPhase section */

/* Begin PBXShellScriptBuildPhase section */
		54E9C195ADE1D0BA4B941C30 /* [CP] Embed Pods Frameworks */ = {
			isa = PBXShellScriptBuildPhase;
			buildActionMask = 2147483647;
			files = (
			);
			inputFileListPaths = (
				"${PODS_ROOT}/Target Support Files/Pods-midTermProject  (shio andghuladze)/Pods-midTermProject  (shio andghuladze)-frameworks-${CONFIGURATION}-input-files.xcfilelist",
			);
			name = "[CP] Embed Pods Frameworks";
			outputFileListPaths = (
				"${PODS_ROOT}/Target Support Files/Pods-midTermProject  (shio andghuladze)/Pods-midTermProject  (shio andghuladze)-frameworks-${CONFIGURATION}-output-files.xcfilelist",
			);
			runOnlyForDeploymentPostprocessing = 0;
			shellPath = /bin/sh;
			shellScript = "\"${PODS_ROOT}/Target Support Files/Pods-midTermProject  (shio andghuladze)/Pods-midTermProject  (shio andghuladze)-frameworks.sh\"\n";
			showEnvVarsInLog = 0;
		};
		C6533D09AA27675039AFAF03 /* [CP] Check Pods Manifest.lock */ = {
			isa = PBXShellScriptBuildPhase;
			buildActionMask = 2147483647;
			files = (
			);
			inputFileListPaths = (
			);
			inputPaths = (
				"${PODS_PODFILE_DIR_PATH}/Podfile.lock",
				"${PODS_ROOT}/Manifest.lock",
			);
			name = "[CP] Check Pods Manifest.lock";
			outputFileListPaths = (
			);
			outputPaths = (
				"$(DERIVED_FILE_DIR)/Pods-midTermProject  (shio andghuladze)-checkManifestLockResult.txt",
			);
			runOnlyForDeploymentPostprocessing = 0;
			shellPath = /bin/sh;
			shellScript = "diff \"${PODS_PODFILE_DIR_PATH}/Podfile.lock\" \"${PODS_ROOT}/Manifest.lock\" > /dev/null\nif [ $? != 0 ] ; then\n    # print error to STDERR\n    echo \"error: The sandbox is not in sync with the Podfile.lock. Run 'pod install' or update your CocoaPods installation.\" >&2\n    exit 1\nfi\n# This output is used by Xcode 'outputs' to avoid re-running this script phase.\necho \"SUCCESS\" > \"${SCRIPT_OUTPUT_FILE_0}\"\n";
			showEnvVarsInLog = 0;
		};
/* End PBXShellScriptBuildPhase section */

/* Begin PBXSourcesBuildPhase section */
		9528B1FE288F08F20054F618 /* Sources */ = {
			isa = PBXSourcesBuildPhase;
			buildActionMask = 2147483647;
			files = (
				9558A62F289453420059D293 /* Chat.swift in Sources */,
				9558A618289436050059D293 /* ViewExtensions.swift in Sources */,
				95601B6528A16ADA005FA61D /* MessagesViewModel.swift in Sources */,
				9558A62128944A850059D293 /* ChatsScreenController.swift in Sources */,
				9528B223288F09D00054F618 /* MessagesController.swift in Sources */,
				9558A6422894656F0059D293 /* TableViewAdapterCell.swift in Sources */,
				955D6243289590A300EA0720 /* CollectionExtensions.swift in Sources */,
				9558A63828945B080059D293 /* TableViewAdapter.swift in Sources */,
				9528B220288F09AA0054F618 /* ActiveUsersController.swift in Sources */,
				955D6241289565E700EA0720 /* PaddingLabel.swift in Sources */,
				9528B206288F08F20054F618 /* AppDelegate.swift in Sources */,
				9558A615289432040059D293 /* EnterUserController.swift in Sources */,
				95601B5E28A15BC9005FA61D /* Observable.swift in Sources */,
				95601B5C28A15BA6005FA61D /* LiveData.swift in Sources */,
				95601B6028A15D80005FA61D /* Observer.swift in Sources */,
				9528B208288F08F20054F618 /* SceneDelegate.swift in Sources */,
				9528B21D288F09820054F618 /* BottomNavHostController.swift in Sources */,
				95601B5928A13F56005FA61D /* ChatsRepositoryImpl.swift in Sources */,
				9558A62D289452E60059D293 /* User.swift in Sources */,
				9558A63E2894648C0059D293 /* UsersTableViewCell.swift in Sources */,
				95601B6328A16276005FA61D /* ChatsControllerViewModel.swift in Sources */,
				9558A612289431D60059D293 /* Constants.swift in Sources */,
				9558A62A289451090059D293 /* ChatsTableViewCell.swift in Sources */,
				95601B5528A13F22005FA61D /* EnterUserViewModel.swift in Sources */,
				9558A61A28943CD00059D293 /* UserNameSavedDelegate.swift in Sources */,
				95601B5728A13F48005FA61D /* ChatsRepository.swift in Sources */,
				9558A6312894539F0059D293 /* Message.swift in Sources */,
				955D623D28955A0400EA0720 /* MessageCell.swift in Sources */,
			);
			runOnlyForDeploymentPostprocessing = 0;
		};
/* End PBXSourcesBuildPhase section */

/* Begin PBXVariantGroup section */
		9528B20B288F08F20054F618 /* Main.storyboard */ = {
			isa = PBXVariantGroup;
			children = (
				9528B20C288F08F20054F618 /* Base */,
			);
			name = Main.storyboard;
			sourceTree = "<group>";
		};
		9528B210288F08F30054F618 /* LaunchScreen.storyboard */ = {
			isa = PBXVariantGroup;
			children = (
				9528B211288F08F30054F618 /* Base */,
			);
			name = LaunchScreen.storyboard;
			sourceTree = "<group>";
		};
/* End PBXVariantGroup section */

/* Begin XCBuildConfiguration section */
		9528B214288F08F30054F618 /* Debug */ = {
			isa = XCBuildConfiguration;
			buildSettings = {
				ALWAYS_SEARCH_USER_PATHS = NO;
				CLANG_ANALYZER_NONNULL = YES;
				CLANG_ANALYZER_NUMBER_OBJECT_CONVERSION = YES_AGGRESSIVE;
				CLANG_CXX_LANGUAGE_STANDARD = "gnu++17";
				CLANG_ENABLE_MODULES = YES;
				CLANG_ENABLE_OBJC_ARC = YES;
				CLANG_ENABLE_OBJC_WEAK = YES;
				CLANG_WARN_BLOCK_CAPTURE_AUTORELEASING = YES;
				CLANG_WARN_BOOL_CONVERSION = YES;
				CLANG_WARN_COMMA = YES;
				CLANG_WARN_CONSTANT_CONVERSION = YES;
				CLANG_WARN_DEPRECATED_OBJC_IMPLEMENTATIONS = YES;
				CLANG_WARN_DIRECT_OBJC_ISA_USAGE = YES_ERROR;
				CLANG_WARN_DOCUMENTATION_COMMENTS = YES;
				CLANG_WARN_EMPTY_BODY = YES;
				CLANG_WARN_ENUM_CONVERSION = YES;
				CLANG_WARN_INFINITE_RECURSION = YES;
				CLANG_WARN_INT_CONVERSION = YES;
				CLANG_WARN_NON_LITERAL_NULL_CONVERSION = YES;
				CLANG_WARN_OBJC_IMPLICIT_RETAIN_SELF = YES;
				CLANG_WARN_OBJC_LITERAL_CONVERSION = YES;
				CLANG_WARN_OBJC_ROOT_CLASS = YES_ERROR;
				CLANG_WARN_QUOTED_INCLUDE_IN_FRAMEWORK_HEADER = YES;
				CLANG_WARN_RANGE_LOOP_ANALYSIS = YES;
				CLANG_WARN_STRICT_PROTOTYPES = YES;
				CLANG_WARN_SUSPICIOUS_MOVE = YES;
				CLANG_WARN_UNGUARDED_AVAILABILITY = YES_AGGRESSIVE;
				CLANG_WARN_UNREACHABLE_CODE = YES;
				CLANG_WARN__DUPLICATE_METHOD_MATCH = YES;
				COPY_PHASE_STRIP = NO;
				DEBUG_INFORMATION_FORMAT = dwarf;
				ENABLE_STRICT_OBJC_MSGSEND = YES;
				ENABLE_TESTABILITY = YES;
				GCC_C_LANGUAGE_STANDARD = gnu11;
				GCC_DYNAMIC_NO_PIC = NO;
				GCC_NO_COMMON_BLOCKS = YES;
				GCC_OPTIMIZATION_LEVEL = 0;
				GCC_PREPROCESSOR_DEFINITIONS = (
					"DEBUG=1",
					"$(inherited)",
				);
				GCC_WARN_64_TO_32_BIT_CONVERSION = YES;
				GCC_WARN_ABOUT_RETURN_TYPE = YES_ERROR;
				GCC_WARN_UNDECLARED_SELECTOR = YES;
				GCC_WARN_UNINITIALIZED_AUTOS = YES_AGGRESSIVE;
				GCC_WARN_UNUSED_FUNCTION = YES;
				GCC_WARN_UNUSED_VARIABLE = YES;
				IPHONEOS_DEPLOYMENT_TARGET = 15.5;
				MTL_ENABLE_DEBUG_INFO = INCLUDE_SOURCE;
				MTL_FAST_MATH = YES;
				ONLY_ACTIVE_ARCH = YES;
				SDKROOT = iphoneos;
				SWIFT_ACTIVE_COMPILATION_CONDITIONS = DEBUG;
				SWIFT_OPTIMIZATION_LEVEL = "-Onone";
			};
			name = Debug;
		};
		9528B215288F08F30054F618 /* Release */ = {
			isa = XCBuildConfiguration;
			buildSettings = {
				ALWAYS_SEARCH_USER_PATHS = NO;
				CLANG_ANALYZER_NONNULL = YES;
				CLANG_ANALYZER_NUMBER_OBJECT_CONVERSION = YES_AGGRESSIVE;
				CLANG_CXX_LANGUAGE_STANDARD = "gnu++17";
				CLANG_ENABLE_MODULES = YES;
				CLANG_ENABLE_OBJC_ARC = YES;
				CLANG_ENABLE_OBJC_WEAK = YES;
				CLANG_WARN_BLOCK_CAPTURE_AUTORELEASING = YES;
				CLANG_WARN_BOOL_CONVERSION = YES;
				CLANG_WARN_COMMA = YES;
				CLANG_WARN_CONSTANT_CONVERSION = YES;
				CLANG_WARN_DEPRECATED_OBJC_IMPLEMENTATIONS = YES;
				CLANG_WARN_DIRECT_OBJC_ISA_USAGE = YES_ERROR;
				CLANG_WARN_DOCUMENTATION_COMMENTS = YES;
				CLANG_WARN_EMPTY_BODY = YES;
				CLANG_WARN_ENUM_CONVERSION = YES;
				CLANG_WARN_INFINITE_RECURSION = YES;
				CLANG_WARN_INT_CONVERSION = YES;
				CLANG_WARN_NON_LITERAL_NULL_CONVERSION = YES;
				CLANG_WARN_OBJC_IMPLICIT_RETAIN_SELF = YES;
				CLANG_WARN_OBJC_LITERAL_CONVERSION = YES;
				CLANG_WARN_OBJC_ROOT_CLASS = YES_ERROR;
				CLANG_WARN_QUOTED_INCLUDE_IN_FRAMEWORK_HEADER = YES;
				CLANG_WARN_RANGE_LOOP_ANALYSIS = YES;
				CLANG_WARN_STRICT_PROTOTYPES = YES;
				CLANG_WARN_SUSPICIOUS_MOVE = YES;
				CLANG_WARN_UNGUARDED_AVAILABILITY = YES_AGGRESSIVE;
				CLANG_WARN_UNREACHABLE_CODE = YES;
				CLANG_WARN__DUPLICATE_METHOD_MATCH = YES;
				COPY_PHASE_STRIP = NO;
				DEBUG_INFORMATION_FORMAT = "dwarf-with-dsym";
				ENABLE_NS_ASSERTIONS = NO;
				ENABLE_STRICT_OBJC_MSGSEND = YES;
				GCC_C_LANGUAGE_STANDARD = gnu11;
				GCC_NO_COMMON_BLOCKS = YES;
				GCC_WARN_64_TO_32_BIT_CONVERSION = YES;
				GCC_WARN_ABOUT_RETURN_TYPE = YES_ERROR;
				GCC_WARN_UNDECLARED_SELECTOR = YES;
				GCC_WARN_UNINITIALIZED_AUTOS = YES_AGGRESSIVE;
				GCC_WARN_UNUSED_FUNCTION = YES;
				GCC_WARN_UNUSED_VARIABLE = YES;
				IPHONEOS_DEPLOYMENT_TARGET = 15.5;
				MTL_ENABLE_DEBUG_INFO = NO;
				MTL_FAST_MATH = YES;
				SDKROOT = iphoneos;
				SWIFT_COMPILATION_MODE = wholemodule;
				SWIFT_OPTIMIZATION_LEVEL = "-O";
				VALIDATE_PRODUCT = YES;
			};
			name = Release;
		};
		9528B217288F08F30054F618 /* Debug */ = {
			isa = XCBuildConfiguration;
			baseConfigurationReference = F1896CDA0C26B039A9895B25 /* Pods-midTermProject  (shio andghuladze).debug.xcconfig */;
			buildSettings = {
				ASSETCATALOG_COMPILER_APPICON_NAME = AppIcon;
				ASSETCATALOG_COMPILER_GLOBAL_ACCENT_COLOR_NAME = AccentColor;
				CODE_SIGN_STYLE = Automatic;
				CURRENT_PROJECT_VERSION = 1;
				GENERATE_INFOPLIST_FILE = YES;
				INFOPLIST_FILE = "midTermProject  (shio andghuladze)/Info.plist";
				INFOPLIST_KEY_UIApplicationSupportsIndirectInputEvents = YES;
				INFOPLIST_KEY_UILaunchStoryboardName = LaunchScreen;
				INFOPLIST_KEY_UIMainStoryboardFile = Main;
				INFOPLIST_KEY_UISupportedInterfaceOrientations_iPad = "UIInterfaceOrientationPortrait UIInterfaceOrientationPortraitUpsideDown UIInterfaceOrientationLandscapeLeft UIInterfaceOrientationLandscapeRight";
				INFOPLIST_KEY_UISupportedInterfaceOrientations_iPhone = "UIInterfaceOrientationPortrait UIInterfaceOrientationLandscapeLeft UIInterfaceOrientationLandscapeRight";
				LD_RUNPATH_SEARCH_PATHS = (
					"$(inherited)",
					"@executable_path/Frameworks",
				);
				MARKETING_VERSION = 1.0;
				PRODUCT_BUNDLE_IDENTIFIER = "n.midTermProject---shio-andghuladze-";
				PRODUCT_NAME = "$(TARGET_NAME)";
				SWIFT_EMIT_LOC_STRINGS = YES;
				SWIFT_VERSION = 5.0;
				TARGETED_DEVICE_FAMILY = "1,2";
			};
			name = Debug;
		};
		9528B218288F08F30054F618 /* Release */ = {
			isa = XCBuildConfiguration;
			baseConfigurationReference = 36876F99175BFCBF982EF28E /* Pods-midTermProject  (shio andghuladze).release.xcconfig */;
			buildSettings = {
				ASSETCATALOG_COMPILER_APPICON_NAME = AppIcon;
				ASSETCATALOG_COMPILER_GLOBAL_ACCENT_COLOR_NAME = AccentColor;
				CODE_SIGN_STYLE = Automatic;
				CURRENT_PROJECT_VERSION = 1;
				GENERATE_INFOPLIST_FILE = YES;
				INFOPLIST_FILE = "midTermProject  (shio andghuladze)/Info.plist";
				INFOPLIST_KEY_UIApplicationSupportsIndirectInputEvents = YES;
				INFOPLIST_KEY_UILaunchStoryboardName = LaunchScreen;
				INFOPLIST_KEY_UIMainStoryboardFile = Main;
				INFOPLIST_KEY_UISupportedInterfaceOrientations_iPad = "UIInterfaceOrientationPortrait UIInterfaceOrientationPortraitUpsideDown UIInterfaceOrientationLandscapeLeft UIInterfaceOrientationLandscapeRight";
				INFOPLIST_KEY_UISupportedInterfaceOrientations_iPhone = "UIInterfaceOrientationPortrait UIInterfaceOrientationLandscapeLeft UIInterfaceOrientationLandscapeRight";
				LD_RUNPATH_SEARCH_PATHS = (
					"$(inherited)",
					"@executable_path/Frameworks",
				);
				MARKETING_VERSION = 1.0;
				PRODUCT_BUNDLE_IDENTIFIER = "n.midTermProject---shio-andghuladze-";
				PRODUCT_NAME = "$(TARGET_NAME)";
				SWIFT_EMIT_LOC_STRINGS = YES;
				SWIFT_VERSION = 5.0;
				TARGETED_DEVICE_FAMILY = "1,2";
			};
			name = Release;
		};
/* End XCBuildConfiguration section */

/* Begin XCConfigurationList section */
		9528B1FD288F08F20054F618 /* Build configuration list for PBXProject "midTermProject  (shio andghuladze)" */ = {
			isa = XCConfigurationList;
			buildConfigurations = (
				9528B214288F08F30054F618 /* Debug */,
				9528B215288F08F30054F618 /* Release */,
			);
			defaultConfigurationIsVisible = 0;
			defaultConfigurationName = Release;
		};
		9528B216288F08F30054F618 /* Build configuration list for PBXNativeTarget "midTermProject  (shio andghuladze)" */ = {
			isa = XCConfigurationList;
			buildConfigurations = (
				9528B217288F08F30054F618 /* Debug */,
				9528B218288F08F30054F618 /* Release */,
			);
			defaultConfigurationIsVisible = 0;
			defaultConfigurationName = Release;
		};
/* End XCConfigurationList section */
	};
	rootObject = 9528B1FA288F08F20054F618 /* Project object */;
}
